github.com/pkg/errors v0.9.1 h1:FEBLx1zS214owpjy7qsBeixbURkuhQAwrK5UwLGTwt4=
github.com/pkg/errors v0.9.1/go.mod h1:bwawxfHBFNV+L2hUp1rHADufV3IMtnDRdf1r5NINEl0=
github.com/wenboyu00/go_pkg_depoly/timeutil v0.0.0-20221127111752-2206d08d4483 h1:v/ikRuI28YFPn/B/PXoV7sOR2CsaRx6D+2kqP2/fhMg=
github.com/wenboyu00/go_pkg_depoly/timeutil v0.0.0-20221127111752-2206d08d4483/go.mod h1:+DvmSjMIO532w1ehtVW1bGtQ1lF1MngIaOT7hm8m4L8=
